
Microsoft Visual Studio Solution File, Format Version 12.00
# Visual Studio Version 16
VisualStudioVersion = 16.0.31005.135
MinimumVisualStudioVersion = 10.0.40219.1
Project("{FAE04EC0-301F-11D3-BF4B-00C04F79EFBC}") = "Booklist", "Booklist.csproj", "{04C8092B-AE70-4108-AA67-F58AF8193B97}"
EndProject
Global
	GlobalSection(SolutionConfigurationPlatforms) = preSolution
		Debug|Any CPU = Debug|Any CPU
		Release|Any CPU = Release|Any CPU
	EndGlobalSection
	GlobalSection(ProjectConfigurationPlatforms) = postSolution
		{04C8092B-AE70-4108-AA67-F58AF8193B97}.Debug|Any CPU.ActiveCfg = Debug|Any CPU
		{04C8092B-AE70-4108-AA67-F58AF8193B97}.Debug|Any CPU.Build.0 = Debug|Any CPU
		{04C8092B-AE70-4108-AA67-F58AF8193B97}.Release|Any CPU.ActiveCfg = Release|Any CPU
		{04C8092B-AE70-4108-AA67-F58AF8193B97}.Release|Any CPU.Build.0 = Release|Any CPU
	EndGlobalSection
	GlobalSection(SolutionProperties) = preSolution
		HideSolutionNode = FALSE
	EndGlobalSection
	GlobalSection(ExtensibilityGlobals) = postSolution
		SolutionGuid = {D04D2302-11BA-48AE-905E-DB229BBAE9D9}
	EndGlobalSection
EndGlobal
